// !$*UTF8*$!
{
	archiveVersion = 1;
	classes = {
	};
	objectVersion = 50;
	objects = {

/* Begin PBXBuildFile section */
		900AF95721E754DD00BBF540 /* BookingViewController.swift in Sources */ = {isa = PBXBuildFile; fileRef = 900AF95621E754DD00BBF540 /* BookingViewController.swift */; };
		900AF95921E754F100BBF540 /* BookingDetailsViewController.swift in Sources */ = {isa = PBXBuildFile; fileRef = 900AF95821E754F100BBF540 /* BookingDetailsViewController.swift */; };
		900AF95B21E754FF00BBF540 /* OfferViewController.swift in Sources */ = {isa = PBXBuildFile; fileRef = 900AF95A21E754FF00BBF540 /* OfferViewController.swift */; };
		9057AFAB20EE541100A226DE /* libstdc++.tbd in Frameworks */ = {isa = PBXBuildFile; fileRef = 9057AFAA20EE541100A226DE /* libstdc++.tbd */; };
		9057AFAD20EE541B00A226DE /* UserNotifications.framework in Frameworks */ = {isa = PBXBuildFile; fileRef = 9057AFAC20EE541B00A226DE /* UserNotifications.framework */; };
		9057AFAF20EE542500A226DE /* UIKit.framework in Frameworks */ = {isa = PBXBuildFile; fileRef = 9057AFAE20EE542500A226DE /* UIKit.framework */; };
		9057AFB120EE544F00A226DE /* WebKit.framework in Frameworks */ = {isa = PBXBuildFile; fileRef = 9057AFB020EE544E00A226DE /* WebKit.framework */; };
		909B675420EDEF9A00BF8B34 /* AppDelegate.swift in Sources */ = {isa = PBXBuildFile; fileRef = 909B675320EDEF9A00BF8B34 /* AppDelegate.swift */; };
		909B675920EDEF9A00BF8B34 /* Main.storyboard in Resources */ = {isa = PBXBuildFile; fileRef = 909B675720EDEF9A00BF8B34 /* Main.storyboard */; };
		909B675B20EDEF9D00BF8B34 /* Assets.xcassets in Resources */ = {isa = PBXBuildFile; fileRef = 909B675A20EDEF9D00BF8B34 /* Assets.xcassets */; };
		909B675E20EDEF9D00BF8B34 /* LaunchScreen.storyboard in Resources */ = {isa = PBXBuildFile; fileRef = 909B675C20EDEF9D00BF8B34 /* LaunchScreen.storyboard */; };
		90BF051D222E8DAF005625CF /* CustomPopupView.xib in Resources */ = {isa = PBXBuildFile; fileRef = 90BF051A222E8DAF005625CF /* CustomPopupView.xib */; };
		90BF051E222E8DAF005625CF /* CustomPopupView.m in Sources */ = {isa = PBXBuildFile; fileRef = 90BF051C222E8DAF005625CF /* CustomPopupView.m */; };
/* End PBXBuildFile section */

/* Begin PBXCopyFilesBuildPhase section */
		9057AFA820EE53A000A226DE /* Embed Frameworks */ = {
			isa = PBXCopyFilesBuildPhase;
			buildActionMask = 2147483647;
			dstPath = "";
			dstSubfolderSpec = 10;
			files = (
			);
			name = "Embed Frameworks";
			runOnlyForDeploymentPostprocessing = 0;
		};
/* End PBXCopyFilesBuildPhase section */

/* Begin PBXFileReference section */
		900AF95621E754DD00BBF540 /* BookingViewController.swift */ = {isa = PBXFileReference; lastKnownFileType = sourcecode.swift; path = BookingViewController.swift; sourceTree = "<group>"; };
		900AF95821E754F100BBF540 /* BookingDetailsViewController.swift */ = {isa = PBXFileReference; lastKnownFileType = sourcecode.swift; path = BookingDetailsViewController.swift; sourceTree = "<group>"; };
		900AF95A21E754FF00BBF540 /* OfferViewController.swift */ = {isa = PBXFileReference; lastKnownFileType = sourcecode.swift; path = OfferViewController.swift; sourceTree = "<group>"; };
		9057AF9820EE532700A226DE /* BusBookingSwift-Bridging-Header.h */ = {isa = PBXFileReference; lastKnownFileType = sourcecode.c.h; path = "BusBookingSwift-Bridging-Header.h"; sourceTree = "<group>"; };
		9057AFAA20EE541100A226DE /* libstdc++.tbd */ = {isa = PBXFileReference; lastKnownFileType = "sourcecode.text-based-dylib-definition"; name = "libstdc++.tbd"; path = "usr/lib/libstdc++.tbd"; sourceTree = SDKROOT; };
		9057AFAC20EE541B00A226DE /* UserNotifications.framework */ = {isa = PBXFileReference; lastKnownFileType = wrapper.framework; name = UserNotifications.framework; path = System/Library/Frameworks/UserNotifications.framework; sourceTree = SDKROOT; };
		9057AFAE20EE542500A226DE /* UIKit.framework */ = {isa = PBXFileReference; lastKnownFileType = wrapper.framework; name = UIKit.framework; path = System/Library/Frameworks/UIKit.framework; sourceTree = SDKROOT; };
		9057AFB020EE544E00A226DE /* WebKit.framework */ = {isa = PBXFileReference; lastKnownFileType = wrapper.framework; name = WebKit.framework; path = System/Library/Frameworks/WebKit.framework; sourceTree = SDKROOT; };
		909B675020EDEF9A00BF8B34 /* BusBookingSwift.app */ = {isa = PBXFileReference; explicitFileType = wrapper.application; includeInIndex = 0; path = BusBookingSwift.app; sourceTree = BUILT_PRODUCTS_DIR; };
		909B675320EDEF9A00BF8B34 /* AppDelegate.swift */ = {isa = PBXFileReference; lastKnownFileType = sourcecode.swift; path = AppDelegate.swift; sourceTree = "<group>"; };
		909B675820EDEF9A00BF8B34 /* Base */ = {isa = PBXFileReference; lastKnownFileType = file.storyboard; name = Base; path = Base.lproj/Main.storyboard; sourceTree = "<group>"; };
		909B675A20EDEF9D00BF8B34 /* Assets.xcassets */ = {isa = PBXFileReference; lastKnownFileType = folder.assetcatalog; path = Assets.xcassets; sourceTree = "<group>"; };
		909B675D20EDEF9D00BF8B34 /* Base */ = {isa = PBXFileReference; lastKnownFileType = file.storyboard; name = Base; path = Base.lproj/LaunchScreen.storyboard; sourceTree = "<group>"; };
		909B675F20EDEF9D00BF8B34 /* Info.plist */ = {isa = PBXFileReference; lastKnownFileType = text.plist.xml; path = Info.plist; sourceTree = "<group>"; };
		90BF051A222E8DAF005625CF /* CustomPopupView.xib */ = {isa = PBXFileReference; fileEncoding = 4; lastKnownFileType = file.xib; path = CustomPopupView.xib; sourceTree = "<group>"; };
		90BF051B222E8DAF005625CF /* CustomPopupView.h */ = {isa = PBXFileReference; fileEncoding = 4; lastKnownFileType = sourcecode.c.h; path = CustomPopupView.h; sourceTree = "<group>"; };
		90BF051C222E8DAF005625CF /* CustomPopupView.m */ = {isa = PBXFileReference; fileEncoding = 4; lastKnownFileType = sourcecode.c.objc; path = CustomPopupView.m; sourceTree = "<group>"; };
/* End PBXFileReference section */

/* Begin PBXFrameworksBuildPhase section */
		909B674D20EDEF9A00BF8B34 /* Frameworks */ = {
			isa = PBXFrameworksBuildPhase;
			buildActionMask = 2147483647;
			files = (
				9057AFB120EE544F00A226DE /* WebKit.framework in Frameworks */,
				9057AFAF20EE542500A226DE /* UIKit.framework in Frameworks */,
				9057AFAD20EE541B00A226DE /* UserNotifications.framework in Frameworks */,
				9057AFAB20EE541100A226DE /* libstdc++.tbd in Frameworks */,
			);
			runOnlyForDeploymentPostprocessing = 0;
		};
/* End PBXFrameworksBuildPhase section */

/* Begin PBXGroup section */
		9057AFA920EE541100A226DE /* Frameworks */ = {
			isa = PBXGroup;
			children = (
				9057AFB020EE544E00A226DE /* WebKit.framework */,
				9057AFAE20EE542500A226DE /* UIKit.framework */,
				9057AFAC20EE541B00A226DE /* UserNotifications.framework */,
				9057AFAA20EE541100A226DE /* libstdc++.tbd */,
			);
			name = Frameworks;
			sourceTree = "<group>";
		};
		909B674720EDEF9A00BF8B34 = {
			isa = PBXGroup;
			children = (
				909B675220EDEF9A00BF8B34 /* BusBookingSwift */,
				909B675120EDEF9A00BF8B34 /* Products */,
				9057AFA920EE541100A226DE /* Frameworks */,
			);
			sourceTree = "<group>";
		};
		909B675120EDEF9A00BF8B34 /* Products */ = {
			isa = PBXGroup;
			children = (
				909B675020EDEF9A00BF8B34 /* BusBookingSwift.app */,
			);
			name = Products;
			sourceTree = "<group>";
		};
		909B675220EDEF9A00BF8B34 /* BusBookingSwift */ = {
			isa = PBXGroup;
			children = (
				90BF0519222E8DAF005625CF /* CustomViews */,
				909B675320EDEF9A00BF8B34 /* AppDelegate.swift */,
				909B675720EDEF9A00BF8B34 /* Main.storyboard */,
				909B675A20EDEF9D00BF8B34 /* Assets.xcassets */,
				909B675C20EDEF9D00BF8B34 /* LaunchScreen.storyboard */,
				909B675F20EDEF9D00BF8B34 /* Info.plist */,
				9057AF9820EE532700A226DE /* BusBookingSwift-Bridging-Header.h */,
				900AF95621E754DD00BBF540 /* BookingViewController.swift */,
				900AF95821E754F100BBF540 /* BookingDetailsViewController.swift */,
				900AF95A21E754FF00BBF540 /* OfferViewController.swift */,
			);
			path = BusBookingSwift;
			sourceTree = "<group>";
		};
		90BF0519222E8DAF005625CF /* CustomViews */ = {
			isa = PBXGroup;
			children = (
				90BF051A222E8DAF005625CF /* CustomPopupView.xib */,
				90BF051B222E8DAF005625CF /* CustomPopupView.h */,
				90BF051C222E8DAF005625CF /* CustomPopupView.m */,
			);
			path = CustomViews;
			sourceTree = "<group>";
		};
/* End PBXGroup section */

/* Begin PBXNativeTarget section */
		909B674F20EDEF9A00BF8B34 /* BusBookingSwift */ = {
			isa = PBXNativeTarget;
			buildConfigurationList = 909B676220EDEF9D00BF8B34 /* Build configuration list for PBXNativeTarget "BusBookingSwift" */;
			buildPhases = (
				909B674C20EDEF9A00BF8B34 /* Sources */,
				909B674D20EDEF9A00BF8B34 /* Frameworks */,
				909B674E20EDEF9A00BF8B34 /* Resources */,
				9057AFA820EE53A000A226DE /* Embed Frameworks */,
			);
			buildRules = (
			);
			dependencies = (
			);
			name = BusBookingSwift;
			productName = BusDemoSwift;
			productReference = 909B675020EDEF9A00BF8B34 /* BusBookingSwift.app */;
			productType = "com.apple.product-type.application";
		};
/* End PBXNativeTarget section */

/* Begin PBXProject section */
		909B674820EDEF9A00BF8B34 /* Project object */ = {
			isa = PBXProject;
			attributes = {
				LastSwiftUpdateCheck = 0930;
				LastUpgradeCheck = 0930;
				ORGANIZATIONNAME = "Adobe Systems";
				TargetAttributes = {
					909B674F20EDEF9A00BF8B34 = {
						CreatedOnToolsVersion = 9.3;
						LastSwiftMigration = 0930;
					};
				};
			};
			buildConfigurationList = 909B674B20EDEF9A00BF8B34 /* Build configuration list for PBXProject "BusBookingSwift" */;
			compatibilityVersion = "Xcode 9.3";
			developmentRegion = en;
			hasScannedForEncodings = 0;
			knownRegions = (
				en,
				Base,
			);
			mainGroup = 909B674720EDEF9A00BF8B34;
			productRefGroup = 909B675120EDEF9A00BF8B34 /* Products */;
			projectDirPath = "";
			projectRoot = "";
			targets = (
				909B674F20EDEF9A00BF8B34 /* BusBookingSwift */,
			);
		};
/* End PBXProject section */

/* Begin PBXResourcesBuildPhase section */
		909B674E20EDEF9A00BF8B34 /* Resources */ = {
			isa = PBXResourcesBuildPhase;
			buildActionMask = 2147483647;
			files = (
				909B675E20EDEF9D00BF8B34 /* LaunchScreen.storyboard in Resources */,
				909B675B20EDEF9D00BF8B34 /* Assets.xcassets in Resources */,
				90BF051D222E8DAF005625CF /* CustomPopupView.xib in Resources */,
				909B675920EDEF9A00BF8B34 /* Main.storyboard in Resources */,
			);
			runOnlyForDeploymentPostprocessing = 0;
		};
/* End PBXResourcesBuildPhase section */

/* Begin PBXSourcesBuildPhase section */
		909B674C20EDEF9A00BF8B34 /* Sources */ = {
			isa = PBXSourcesBuildPhase;
			buildActionMask = 2147483647;
			files = (
				900AF95B21E754FF00BBF540 /* OfferViewController.swift in Sources */,
				90BF051E222E8DAF005625CF /* CustomPopupView.m in Sources */,
				909B675420EDEF9A00BF8B34 /* AppDelegate.swift in Sources */,
				900AF95921E754F100BBF540 /* BookingDetailsViewController.swift in Sources */,
				900AF95721E754DD00BBF540 /* BookingViewController.swift in Sources */,
			);
			runOnlyForDeploymentPostprocessing = 0;
		};
/* End PBXSourcesBuildPhase section */

/* Begin PBXVariantGroup section */
		909B675720EDEF9A00BF8B34 /* Main.storyboard */ = {
			isa = PBXVariantGroup;
			children = (
				909B675820EDEF9A00BF8B34 /* Base */,
			);
			name = Main.storyboard;
			sourceTree = "<group>";
		};
		909B675C20EDEF9D00BF8B34 /* LaunchScreen.storyboard */ = {
			isa = PBXVariantGroup;
			children = (
				909B675D20EDEF9D00BF8B34 /* Base */,
			);
			name = LaunchScreen.storyboard;
			sourceTree = "<group>";
		};
/* End PBXVariantGroup section */

/* Begin XCBuildConfiguration section */
		909B676020EDEF9D00BF8B34 /* Debug */ = {
			isa = XCBuildConfiguration;
			buildSettings = {
				ALWAYS_SEARCH_USER_PATHS = NO;
				CLANG_ANALYZER_NONNULL = YES;
				CLANG_ANALYZER_NUMBER_OBJECT_CONVERSION = YES_AGGRESSIVE;
				CLANG_CXX_LANGUAGE_STANDARD = "gnu++14";
				CLANG_CXX_LIBRARY = "libc++";
				CLANG_ENABLE_MODULES = YES;
				CLANG_ENABLE_OBJC_ARC = YES;
				CLANG_ENABLE_OBJC_WEAK = YES;
				CLANG_WARN_BLOCK_CAPTURE_AUTORELEASING = YES;
				CLANG_WARN_BOOL_CONVERSION = YES;
				CLANG_WARN_COMMA = YES;
				CLANG_WARN_CONSTANT_CONVERSION = YES;
				CLANG_WARN_DEPRECATED_OBJC_IMPLEMENTATIONS = YES;
				CLANG_WARN_DIRECT_OBJC_ISA_USAGE = YES_ERROR;
				CLANG_WARN_DOCUMENTATION_COMMENTS = YES;
				CLANG_WARN_EMPTY_BODY = YES;
				CLANG_WARN_ENUM_CONVERSION = YES;
				CLANG_WARN_INFINITE_RECURSION = YES;
				CLANG_WARN_INT_CONVERSION = YES;
				CLANG_WARN_NON_LITERAL_NULL_CONVERSION = YES;
				CLANG_WARN_OBJC_IMPLICIT_RETAIN_SELF = YES;
				CLANG_WARN_OBJC_LITERAL_CONVERSION = YES;
				CLANG_WARN_OBJC_ROOT_CLASS = YES_ERROR;
				CLANG_WARN_RANGE_LOOP_ANALYSIS = YES;
				CLANG_WARN_STRICT_PROTOTYPES = YES;
				CLANG_WARN_SUSPICIOUS_MOVE = YES;
				CLANG_WARN_UNGUARDED_AVAILABILITY = YES_AGGRESSIVE;
				CLANG_WARN_UNREACHABLE_CODE = YES;
				CLANG_WARN__DUPLICATE_METHOD_MATCH = YES;
				CODE_SIGN_IDENTITY = "iPhone Developer";
				COPY_PHASE_STRIP = NO;
				DEBUG_INFORMATION_FORMAT = dwarf;
				ENABLE_STRICT_OBJC_MSGSEND = YES;
				ENABLE_TESTABILITY = YES;
				GCC_C_LANGUAGE_STANDARD = gnu11;
				GCC_DYNAMIC_NO_PIC = NO;
				GCC_NO_COMMON_BLOCKS = YES;
				GCC_OPTIMIZATION_LEVEL = 0;
				GCC_PREPROCESSOR_DEFINITIONS = (
					"DEBUG=1",
					"$(inherited)",
				);
				GCC_WARN_64_TO_32_BIT_CONVERSION = YES;
				GCC_WARN_ABOUT_RETURN_TYPE = YES_ERROR;
				GCC_WARN_UNDECLARED_SELECTOR = YES;
				GCC_WARN_UNINITIALIZED_AUTOS = YES_AGGRESSIVE;
				GCC_WARN_UNUSED_FUNCTION = YES;
				GCC_WARN_UNUSED_VARIABLE = YES;
				IPHONEOS_DEPLOYMENT_TARGET = 11.3;
				MTL_ENABLE_DEBUG_INFO = YES;
				ONLY_ACTIVE_ARCH = YES;
				SDKROOT = iphoneos;
				SWIFT_ACTIVE_COMPILATION_CONDITIONS = DEBUG;
				SWIFT_OPTIMIZATION_LEVEL = "-Onone";
			};
			name = Debug;
		};
		909B676120EDEF9D00BF8B34 /* Release */ = {
			isa = XCBuildConfiguration;
			buildSettings = {
				ALWAYS_SEARCH_USER_PATHS = NO;
				CLANG_ANALYZER_NONNULL = YES;
				CLANG_ANALYZER_NUMBER_OBJECT_CONVERSION = YES_AGGRESSIVE;
				CLANG_CXX_LANGUAGE_STANDARD = "gnu++14";
				CLANG_CXX_LIBRARY = "libc++";
				CLANG_ENABLE_MODULES = YES;
				CLANG_ENABLE_OBJC_ARC = YES;
				CLANG_ENABLE_OBJC_WEAK = YES;
				CLANG_WARN_BLOCK_CAPTURE_AUTORELEASING = YES;
				CLANG_WARN_BOOL_CONVERSION = YES;
				CLANG_WARN_COMMA = YES;
				CLANG_WARN_CONSTANT_CONVERSION = YES;
				CLANG_WARN_DEPRECATED_OBJC_IMPLEMENTATIONS = YES;
				CLANG_WARN_DIRECT_OBJC_ISA_USAGE = YES_ERROR;
				CLANG_WARN_DOCUMENTATION_COMMENTS = YES;
				CLANG_WARN_EMPTY_BODY = YES;
				CLANG_WARN_ENUM_CONVERSION = YES;
				CLANG_WARN_INFINITE_RECURSION = YES;
				CLANG_WARN_INT_CONVERSION = YES;
				CLANG_WARN_NON_LITERAL_NULL_CONVERSION = YES;
				CLANG_WARN_OBJC_IMPLICIT_RETAIN_SELF = YES;
				CLANG_WARN_OBJC_LITERAL_CONVERSION = YES;
				CLANG_WARN_OBJC_ROOT_CLASS = YES_ERROR;
				CLANG_WARN_RANGE_LOOP_ANALYSIS = YES;
				CLANG_WARN_STRICT_PROTOTYPES = YES;
				CLANG_WARN_SUSPICIOUS_MOVE = YES;
				CLANG_WARN_UNGUARDED_AVAILABILITY = YES_AGGRESSIVE;
				CLANG_WARN_UNREACHABLE_CODE = YES;
				CLANG_WARN__DUPLICATE_METHOD_MATCH = YES;
				CODE_SIGN_IDENTITY = "iPhone Developer";
				COPY_PHASE_STRIP = NO;
				DEBUG_INFORMATION_FORMAT = "dwarf-with-dsym";
				ENABLE_NS_ASSERTIONS = NO;
				ENABLE_STRICT_OBJC_MSGSEND = YES;
				GCC_C_LANGUAGE_STANDARD = gnu11;
				GCC_NO_COMMON_BLOCKS = YES;
				GCC_WARN_64_TO_32_BIT_CONVERSION = YES;
				GCC_WARN_ABOUT_RETURN_TYPE = YES_ERROR;
				GCC_WARN_UNDECLARED_SELECTOR = YES;
				GCC_WARN_UNINITIALIZED_AUTOS = YES_AGGRESSIVE;
				GCC_WARN_UNUSED_FUNCTION = YES;
				GCC_WARN_UNUSED_VARIABLE = YES;
				IPHONEOS_DEPLOYMENT_TARGET = 11.3;
				MTL_ENABLE_DEBUG_INFO = NO;
				SDKROOT = iphoneos;
				SWIFT_COMPILATION_MODE = wholemodule;
				SWIFT_OPTIMIZATION_LEVEL = "-O";
				VALIDATE_PRODUCT = YES;
			};
			name = Release;
		};
		909B676320EDEF9D00BF8B34 /* Debug */ = {
			isa = XCBuildConfiguration;
			buildSettings = {
				ASSETCATALOG_COMPILER_APPICON_NAME = AppIcon;
				CLANG_ENABLE_MODULES = YES;
				CODE_SIGN_STYLE = Automatic;
				FRAMEWORK_SEARCH_PATHS = (
					"$(inherited)",
					"$(PROJECT_DIR)/BusBookingSwift/AdobeTarget",
				);
				INFOPLIST_FILE = BusBookingSwift/Info.plist;
				LD_RUNPATH_SEARCH_PATHS = (
					"$(inherited)",
					"@executable_path/Frameworks",
				);
				LIBRARY_SEARCH_PATHS = (
					"$(inherited)",
					"$(PROJECT_DIR)/BusBookingSwift/AdobeTarget",
				);
				OTHER_LDFLAGS = (
					"-ObjC",
					"$(inherited)",
				);
				PRODUCT_BUNDLE_IDENTIFIER = com.adobetarget.BusBookingSwift;
				PRODUCT_NAME = "$(TARGET_NAME)";
				SWIFT_OBJC_BRIDGING_HEADER = "BusBookingSwift/BusBookingSwift-Bridging-Header.h";
				SWIFT_OPTIMIZATION_LEVEL = "-Onone";
				SWIFT_VERSION = 4.0;
				TARGETED_DEVICE_FAMILY = "1,2";
			};
			name = Debug;
		};
		909B676420EDEF9D00BF8B34 /* Release */ = {
			isa = XCBuildConfiguration;
			buildSettings = {
				ASSETCATALOG_COMPILER_APPICON_NAME = AppIcon;
				CLANG_ENABLE_MODULES = YES;
				CODE_SIGN_STYLE = Automatic;
				FRAMEWORK_SEARCH_PATHS = (
					"$(inherited)",
					"$(PROJECT_DIR)/BusBookingSwift/AdobeTarget",
				);
				INFOPLIST_FILE = BusBookingSwift/Info.plist;
				LD_RUNPATH_SEARCH_PATHS = (
					"$(inherited)",
					"@executable_path/Frameworks",
				);
				LIBRARY_SEARCH_PATHS = (
					"$(inherited)",
					"$(PROJECT_DIR)/BusBookingSwift/AdobeTarget",
				);
				OTHER_LDFLAGS = (
					"-ObjC",
					"$(inherited)",
				);
				"OTHER_LDFLAGS[arch=*]" = (
					"-ObjC",
					"$(inherited)",
				);
				PRODUCT_BUNDLE_IDENTIFIER = com.adobetarget.BusBookingSwift;
				PRODUCT_NAME = "$(TARGET_NAME)";
				SWIFT_OBJC_BRIDGING_HEADER = "BusBookingSwift/BusBookingSwift-Bridging-Header.h";
				SWIFT_VERSION = 4.0;
				TARGETED_DEVICE_FAMILY = "1,2";
			};
			name = Release;
		};
/* End XCBuildConfiguration section */

/* Begin XCConfigurationList section */
		909B674B20EDEF9A00BF8B34 /* Build configuration list for PBXProject "BusBookingSwift" */ = {
			isa = XCConfigurationList;
			buildConfigurations = (
				909B676020EDEF9D00BF8B34 /* Debug */,
				909B676120EDEF9D00BF8B34 /* Release */,
			);
			defaultConfigurationIsVisible = 0;
			defaultConfigurationName = Release;
		};
		909B676220EDEF9D00BF8B34 /* Build configuration list for PBXNativeTarget "BusBookingSwift" */ = {
			isa = XCConfigurationList;
			buildConfigurations = (
				909B676320EDEF9D00BF8B34 /* Debug */,
				909B676420EDEF9D00BF8B34 /* Release */,
			);
			defaultConfigurationIsVisible = 0;
			defaultConfigurationName = Release;
		};
/* End XCConfigurationList section */
	};
	rootObject = 909B674820EDEF9A00BF8B34 /* Project object */;
}
